Microsoft Visual Studio Solution File, Format Version 12.00
# Visual Studio 2013
VisualStudioVersion = 12.0.30501.0
MinimumVisualStudioVersion = 10.0.40219.1
Project("{FAE04EC0-301F-11D3-BF4B-00C04F79EFBC}") = "Memoization", "Memoization\Memoization.csproj", "{372FF156-513D-4361-B3EB-02BDDF188B3E}"
EndProject
Project("{FAE04EC0-301F-11D3-BF4B-00C04F79EFBC}") = "Memoization.Tests", "Memoization.Tests\Memoization.Tests.csproj", "{9749EF09-0E0F-4AFD-BF3D-A39D04624D60}"
EndProject
Project("{2150E333-8FDC-42A3-9474-1A3956D46DE8}") = ".nuget", ".nuget", "{1007B641-BBA9-4274-9858-6766593C0E1D}"
	ProjectSection(SolutionItems) = preProject
		.nuget\NuGet.Config = .nuget\NuGet.Config
		.nuget\NuGet.exe = .nuget\NuGet.exe
		.nuget\NuGet.targets = .nuget\NuGet.targets
	EndProjectSection
EndProject
Project("{7CF6DF6D-3B04-46F8-A40B-537D21BCA0B4}") = "Memoization.Api.Docs", "Memoization.Api.Docs\Memoization.Api.Docs.shfbproj", "{F81DAA2A-8A76-42FD-8109-1F38BB573FB9}"
EndProject
Global
	GlobalSection(SolutionConfigurationPlatforms) = preSolution
		Debug|Any CPU = Debug|Any CPU
		Release|Any CPU = Release|Any CPU
	EndGlobalSection
	GlobalSection(ProjectConfigurationPlatforms) = postSolution
		{372FF156-513D-4361-B3EB-02BDDF188B3E}.Debug|Any CPU.ActiveCfg = Debug|Any CPU
		{372FF156-513D-4361-B3EB-02BDDF188B3E}.Debug|Any CPU.Build.0 = Debug|Any CPU
		{372FF156-513D-4361-B3EB-02BDDF188B3E}.Release|Any CPU.ActiveCfg = Release|Any CPU
		{372FF156-513D-4361-B3EB-02BDDF188B3E}.Release|Any CPU.Build.0 = Release|Any CPU
		{9749EF09-0E0F-4AFD-BF3D-A39D04624D60}.Debug|Any CPU.ActiveCfg = Debug|Any CPU
		{9749EF09-0E0F-4AFD-BF3D-A39D04624D60}.Debug|Any CPU.Build.0 = Debug|Any CPU
		{9749EF09-0E0F-4AFD-BF3D-A39D04624D60}.Release|Any CPU.ActiveCfg = Release|Any CPU
		{9749EF09-0E0F-4AFD-BF3D-A39D04624D60}.Release|Any CPU.Build.0 = Release|Any CPU
		{F81DAA2A-8A76-42FD-8109-1F38BB573FB9}.Debug|Any CPU.ActiveCfg = Debug|Any CPU
		{F81DAA2A-8A76-42FD-8109-1F38BB573FB9}.Release|Any CPU.ActiveCfg = Release|Any CPU
	EndGlobalSection
	GlobalSection(SolutionProperties) = preSolution
		HideSolutionNode = FALSE
	EndGlobalSection
EndGlobal
